{
  "nodes": {
    "nixpkgs": {
      "locked": {
        "lastModified": 1780849200,
        "narHash": "sha256-n/VF9Y3HUYux2JicBjaWSDRXIQjbyjLn33leWekUSSA=",
        "owner": "nixos",
        "repo": "nixpkgs",
        "rev": "972ef17152e732b8570ceb000578e3d01764ca79",
        "type": "github"
      },
      "original": {
        "owner": "nixos",
        "ref": "release-26.05",
        "repo": "nixpkgs",
        "type": "github"
      }
    },
    "root": {
      "inputs": {
        "nixpkgs": "nixpkgs"
      }
    }
  },
  "root": "root",
  "version": 7
}
